
Microsoft Visual Studio Solution File, Format Version 12.00
# Visual Studio Version 17
VisualStudioVersion = 17.8.34511.84
MinimumVisualStudioVersion = 10.0.40219.1
Project("{FAE04EC0-301F-11D3-BF4B-00C04F79EFBC}") = "set3ex1", "set3ex1\set3ex1.csproj", "{BF9B96D0-1148-4C7F-98BE-F770F0BFA26E}"
EndProject
Global
	GlobalSection(SolutionConfigurationPlatforms) = preSolution
		Debug|Any CPU = Debug|Any CPU
		Release|Any CPU = Release|Any CPU
	EndGlobalSection
	GlobalSection(ProjectConfigurationPlatforms) = postSolution
		{BF9B96D0-1148-4C7F-98BE-F770F0BFA26E}.Debug|Any CPU.ActiveCfg = Debug|Any CPU
		{BF9B96D0-1148-4C7F-98BE-F770F0BFA26E}.Debug|Any CPU.Build.0 = Debug|Any CPU
		{BF9B96D0-1148-4C7F-98BE-F770F0BFA26E}.Release|Any CPU.ActiveCfg = Release|Any CPU
		{BF9B96D0-1148-4C7F-98BE-F770F0BFA26E}.Release|Any CPU.Build.0 = Release|Any CPU
	EndGlobalSection
	GlobalSection(SolutionProperties) = preSolution
		HideSolutionNode = FALSE
	EndGlobalSection
	GlobalSection(ExtensibilityGlobals) = postSolution
		SolutionGuid = {DAE945C7-9D80-4D89-BCEA-EDCDA702B0A8}
	EndGlobalSection
EndGlobal
